{
    "name": "quark-native",
    "version": "0.1.0-beta.0",
    "lockfileVersion": 1,
    "requires": true,
    "dependencies": {
        "quark-core": {
            "version": "0.1.0-beta.0",
            "resolved": "https://registry.npmjs.org/quark-core/-/quark-core-0.1.0-beta.0.tgz",
            "integrity": "sha512-sJQMf34hm25lPwxSX1YsphWk18M8BpfH4g64t3/0tWBamWfpm8CHhSL+CPPoe9B0Zb2dCLmjAj3Dt7geCiiQeg=="
        }
    }
}
